
Microsoft Visual Studio Solution File, Format Version 12.00
# Visual Studio Version 17
VisualStudioVersion = 17.8.34601.278
MinimumVisualStudioVersion = 10.0.40219.1
Project("{FAE04EC0-301F-11D3-BF4B-00C04F79EFBC}") = "Core_Prac_01", "Core_Prac_01\Core_Prac_01.csproj", "{B05FE851-8A92-4BE6-B37F-45CE79F18386}"
EndProject
Global
	GlobalSection(SolutionConfigurationPlatforms) = preSolution
		Debug|Any CPU = Debug|Any CPU
		Release|Any CPU = Release|Any CPU
	EndGlobalSection
	GlobalSection(ProjectConfigurationPlatforms) = postSolution
		{B05FE851-8A92-4BE6-B37F-45CE79F18386}.Debug|Any CPU.ActiveCfg = Debug|Any CPU
		{B05FE851-8A92-4BE6-B37F-45CE79F18386}.Debug|Any CPU.Build.0 = Debug|Any CPU
		{B05FE851-8A92-4BE6-B37F-45CE79F18386}.Release|Any CPU.ActiveCfg = Release|Any CPU
		{B05FE851-8A92-4BE6-B37F-45CE79F18386}.Release|Any CPU.Build.0 = Release|Any CPU
	EndGlobalSection
	GlobalSection(SolutionProperties) = preSolution
		HideSolutionNode = FALSE
	EndGlobalSection
	GlobalSection(ExtensibilityGlobals) = postSolution
		SolutionGuid = {92B5F42F-796B-4752-8866-006000ABD4B3}
	EndGlobalSection
EndGlobal
